
Microsoft Visual Studio Solution File, Format Version 12.00
# Visual Studio 15
VisualStudioVersion = 15.0.28010.2026
MinimumVisualStudioVersion = 10.0.40219.1
Project("{FAE04EC0-301F-11D3-BF4B-00C04F79EFBC}") = "test", "test.csproj", "{62DB4043-DD13-4F79-AA43-5F4563BAC95B}"
EndProject
Global
	GlobalSection(SolutionConfigurationPlatforms) = preSolution
		Debug|Any CPU = Debug|Any CPU
		Release|Any CPU = Release|Any CPU
	EndGlobalSection
	GlobalSection(ProjectConfigurationPlatforms) = postSolution
		{62DB4043-DD13-4F79-AA43-5F4563BAC95B}.Debug|Any CPU.ActiveCfg = Debug|Any CPU
		{62DB4043-DD13-4F79-AA43-5F4563BAC95B}.Debug|Any CPU.Build.0 = Debug|Any CPU
		{62DB4043-DD13-4F79-AA43-5F4563BAC95B}.Release|Any CPU.ActiveCfg = Release|Any CPU
		{62DB4043-DD13-4F79-AA43-5F4563BAC95B}.Release|Any CPU.Build.0 = Release|Any CPU
	EndGlobalSection
	GlobalSection(SolutionProperties) = preSolution
		HideSolutionNode = FALSE
	EndGlobalSection
	GlobalSection(ExtensibilityGlobals) = postSolution
		SolutionGuid = {40D209F5-C910-4CC4-B476-3C23A999A9AD}
	EndGlobalSection
EndGlobal
